
Microsoft Visual Studio Solution File, Format Version 12.00
# Visual Studio Version 16
VisualStudioVersion = 16.0.31424.327
MinimumVisualStudioVersion = 10.0.40219.1
Project("{9A19103F-16F7-4668-BE54-9A1E7A4F7556}") = "OOPGelismis", "OOPGelismis.csproj", "{06A3AEB6-4EAD-42A9-B09D-B3D7087EAA59}"
EndProject
Project("{FAE04EC0-301F-11D3-BF4B-00C04F79EFBC}") = "OOP2", "..\OOP2\OOP2.csproj", "{685ECD14-D838-40F8-96D8-4E32B7C73FC1}"
EndProject
Global
	GlobalSection(SolutionConfigurationPlatforms) = preSolution
		Debug|Any CPU = Debug|Any CPU
		Release|Any CPU = Release|Any CPU
	EndGlobalSection
	GlobalSection(ProjectConfigurationPlatforms) = postSolution
		{06A3AEB6-4EAD-42A9-B09D-B3D7087EAA59}.Debug|Any CPU.ActiveCfg = Debug|Any CPU
		{06A3AEB6-4EAD-42A9-B09D-B3D7087EAA59}.Debug|Any CPU.Build.0 = Debug|Any CPU
		{06A3AEB6-4EAD-42A9-B09D-B3D7087EAA59}.Release|Any CPU.ActiveCfg = Release|Any CPU
		{06A3AEB6-4EAD-42A9-B09D-B3D7087EAA59}.Release|Any CPU.Build.0 = Release|Any CPU
		{685ECD14-D838-40F8-96D8-4E32B7C73FC1}.Debug|Any CPU.ActiveCfg = Debug|Any CPU
		{685ECD14-D838-40F8-96D8-4E32B7C73FC1}.Debug|Any CPU.Build.0 = Debug|Any CPU
		{685ECD14-D838-40F8-96D8-4E32B7C73FC1}.Release|Any CPU.ActiveCfg = Release|Any CPU
		{685ECD14-D838-40F8-96D8-4E32B7C73FC1}.Release|Any CPU.Build.0 = Release|Any CPU
	EndGlobalSection
	GlobalSection(SolutionProperties) = preSolution
		HideSolutionNode = FALSE
	EndGlobalSection
	GlobalSection(ExtensibilityGlobals) = postSolution
		SolutionGuid = {FB6D6510-DC54-4D7C-961E-F1E8EF30DAD8}
	EndGlobalSection
EndGlobal
